
Microsoft Visual Studio Solution File, Format Version 12.00
# Visual Studio 15
VisualStudioVersion = 15.0.26124.0
MinimumVisualStudioVersion = 15.0.26124.0
Project("{FAE04EC0-301F-11D3-BF4B-00C04F79EFBC}") = "Andromeda.Common", "Andromeda.Common\Andromeda.Common.csproj", "{0FEC6153-A3EB-4442-8599-F3687EDA3533}"
EndProject
Project("{FAE04EC0-301F-11D3-BF4B-00C04F79EFBC}") = "Andromeda.ConsoleApp", "Andromeda.ConsoleApp\Andromeda.ConsoleApp.csproj", "{04518F25-FC79-40E9-BA25-CC326F3770A0}"
EndProject
Project("{FAE04EC0-301F-11D3-BF4B-00C04F79EFBC}") = "DataLakeModels", "DataLakeModels\DataLakeModels.csproj", "{5141FB8F-EAF9-49F9-9BD7-24D633367EE5}"
EndProject
Project("{FAE04EC0-301F-11D3-BF4B-00C04F79EFBC}") = "Jobs.Fetcher.AdWords", "Jobs.Fetcher.AdWords\Jobs.Fetcher.AdWords.csproj", "{22BE4286-DBE5-47AA-A0E1-B4AEA63DAF84}"
EndProject
Project("{FAE04EC0-301F-11D3-BF4B-00C04F79EFBC}") = "Jobs.Fetcher.Facebook", "Jobs.Fetcher.Facebook\Jobs.Fetcher.Facebook.csproj", "{F2980164-1765-4996-8308-09C1AB17FCBC}"
EndProject
Project("{FAE04EC0-301F-11D3-BF4B-00C04F79EFBC}") = "Jobs.Fetcher.YouTube", "Jobs.Fetcher.YouTube\Jobs.Fetcher.YouTube.csproj", "{48F88789-5333-4EC5-BDDB-1C2ABAF8BE4F}"
EndProject
Project("{FAE04EC0-301F-11D3-BF4B-00C04F79EFBC}") = "Test", "Test\Test.csproj", "{FA63AA93-9831-4750-ACB4-7E75CE442640}"
EndProject
Global
	GlobalSection(SolutionConfigurationPlatforms) = preSolution
		Debug|Any CPU = Debug|Any CPU
		Debug|x64 = Debug|x64
		Debug|x86 = Debug|x86
		Release|Any CPU = Release|Any CPU
		Release|x64 = Release|x64
		Release|x86 = Release|x86
	EndGlobalSection
	GlobalSection(SolutionProperties) = preSolution
		HideSolutionNode = FALSE
	EndGlobalSection
	GlobalSection(ProjectConfigurationPlatforms) = postSolution
		{0FEC6153-A3EB-4442-8599-F3687EDA3533}.Debug|Any CPU.ActiveCfg = Debug|Any CPU
		{0FEC6153-A3EB-4442-8599-F3687EDA3533}.Debug|Any CPU.Build.0 = Debug|Any CPU
		{0FEC6153-A3EB-4442-8599-F3687EDA3533}.Debug|x64.ActiveCfg = Debug|Any CPU
		{0FEC6153-A3EB-4442-8599-F3687EDA3533}.Debug|x64.Build.0 = Debug|Any CPU
		{0FEC6153-A3EB-4442-8599-F3687EDA3533}.Debug|x86.ActiveCfg = Debug|Any CPU
		{0FEC6153-A3EB-4442-8599-F3687EDA3533}.Debug|x86.Build.0 = Debug|Any CPU
		{0FEC6153-A3EB-4442-8599-F3687EDA3533}.Release|Any CPU.ActiveCfg = Release|Any CPU
		{0FEC6153-A3EB-4442-8599-F3687EDA3533}.Release|Any CPU.Build.0 = Release|Any CPU
		{0FEC6153-A3EB-4442-8599-F3687EDA3533}.Release|x64.ActiveCfg = Release|Any CPU
		{0FEC6153-A3EB-4442-8599-F3687EDA3533}.Release|x64.Build.0 = Release|Any CPU
		{0FEC6153-A3EB-4442-8599-F3687EDA3533}.Release|x86.ActiveCfg = Release|Any CPU
		{0FEC6153-A3EB-4442-8599-F3687EDA3533}.Release|x86.Build.0 = Release|Any CPU
		{04518F25-FC79-40E9-BA25-CC326F3770A0}.Debug|Any CPU.ActiveCfg = Debug|Any CPU
		{04518F25-FC79-40E9-BA25-CC326F3770A0}.Debug|Any CPU.Build.0 = Debug|Any CPU
		{04518F25-FC79-40E9-BA25-CC326F3770A0}.Debug|x64.ActiveCfg = Debug|Any CPU
		{04518F25-FC79-40E9-BA25-CC326F3770A0}.Debug|x64.Build.0 = Debug|Any CPU
		{04518F25-FC79-40E9-BA25-CC326F3770A0}.Debug|x86.ActiveCfg = Debug|Any CPU
		{04518F25-FC79-40E9-BA25-CC326F3770A0}.Debug|x86.Build.0 = Debug|Any CPU
		{04518F25-FC79-40E9-BA25-CC326F3770A0}.Release|Any CPU.ActiveCfg = Release|Any CPU
		{04518F25-FC79-40E9-BA25-CC326F3770A0}.Release|Any CPU.Build.0 = Release|Any CPU
		{04518F25-FC79-40E9-BA25-CC326F3770A0}.Release|x64.ActiveCfg = Release|Any CPU
		{04518F25-FC79-40E9-BA25-CC326F3770A0}.Release|x64.Build.0 = Release|Any CPU
		{04518F25-FC79-40E9-BA25-CC326F3770A0}.Release|x86.ActiveCfg = Release|Any CPU
		{04518F25-FC79-40E9-BA25-CC326F3770A0}.Release|x86.Build.0 = Release|Any CPU
		{5141FB8F-EAF9-49F9-9BD7-24D633367EE5}.Debug|Any CPU.ActiveCfg = Debug|Any CPU
		{5141FB8F-EAF9-49F9-9BD7-24D633367EE5}.Debug|Any CPU.Build.0 = Debug|Any CPU
		{5141FB8F-EAF9-49F9-9BD7-24D633367EE5}.Debug|x64.ActiveCfg = Debug|Any CPU
		{5141FB8F-EAF9-49F9-9BD7-24D633367EE5}.Debug|x64.Build.0 = Debug|Any CPU
		{5141FB8F-EAF9-49F9-9BD7-24D633367EE5}.Debug|x86.ActiveCfg = Debug|Any CPU
		{5141FB8F-EAF9-49F9-9BD7-24D633367EE5}.Debug|x86.Build.0 = Debug|Any CPU
		{5141FB8F-EAF9-49F9-9BD7-24D633367EE5}.Release|Any CPU.ActiveCfg = Release|Any CPU
		{5141FB8F-EAF9-49F9-9BD7-24D633367EE5}.Release|Any CPU.Build.0 = Release|Any CPU
		{5141FB8F-EAF9-49F9-9BD7-24D633367EE5}.Release|x64.ActiveCfg = Release|Any CPU
		{5141FB8F-EAF9-49F9-9BD7-24D633367EE5}.Release|x64.Build.0 = Release|Any CPU
		{5141FB8F-EAF9-49F9-9BD7-24D633367EE5}.Release|x86.ActiveCfg = Release|Any CPU
		{5141FB8F-EAF9-49F9-9BD7-24D633367EE5}.Release|x86.Build.0 = Release|Any CPU
		{22BE4286-DBE5-47AA-A0E1-B4AEA63DAF84}.Debug|Any CPU.ActiveCfg = Debug|Any CPU
		{22BE4286-DBE5-47AA-A0E1-B4AEA63DAF84}.Debug|Any CPU.Build.0 = Debug|Any CPU
		{22BE4286-DBE5-47AA-A0E1-B4AEA63DAF84}.Debug|x64.ActiveCfg = Debug|Any CPU
		{22BE4286-DBE5-47AA-A0E1-B4AEA63DAF84}.Debug|x64.Build.0 = Debug|Any CPU
		{22BE4286-DBE5-47AA-A0E1-B4AEA63DAF84}.Debug|x86.ActiveCfg = Debug|Any CPU
		{22BE4286-DBE5-47AA-A0E1-B4AEA63DAF84}.Debug|x86.Build.0 = Debug|Any CPU
		{22BE4286-DBE5-47AA-A0E1-B4AEA63DAF84}.Release|Any CPU.ActiveCfg = Release|Any CPU
		{22BE4286-DBE5-47AA-A0E1-B4AEA63DAF84}.Release|Any CPU.Build.0 = Release|Any CPU
		{22BE4286-DBE5-47AA-A0E1-B4AEA63DAF84}.Release|x64.ActiveCfg = Release|Any CPU
		{22BE4286-DBE5-47AA-A0E1-B4AEA63DAF84}.Release|x64.Build.0 = Release|Any CPU
		{22BE4286-DBE5-47AA-A0E1-B4AEA63DAF84}.Release|x86.ActiveCfg = Release|Any CPU
		{22BE4286-DBE5-47AA-A0E1-B4AEA63DAF84}.Release|x86.Build.0 = Release|Any CPU
		{F2980164-1765-4996-8308-09C1AB17FCBC}.Debug|Any CPU.ActiveCfg = Debug|Any CPU
		{F2980164-1765-4996-8308-09C1AB17FCBC}.Debug|Any CPU.Build.0 = Debug|Any CPU
		{F2980164-1765-4996-8308-09C1AB17FCBC}.Debug|x64.ActiveCfg = Debug|Any CPU
		{F2980164-1765-4996-8308-09C1AB17FCBC}.Debug|x64.Build.0 = Debug|Any CPU
		{F2980164-1765-4996-8308-09C1AB17FCBC}.Debug|x86.ActiveCfg = Debug|Any CPU
		{F2980164-1765-4996-8308-09C1AB17FCBC}.Debug|x86.Build.0 = Debug|Any CPU
		{F2980164-1765-4996-8308-09C1AB17FCBC}.Release|Any CPU.ActiveCfg = Release|Any CPU
		{F2980164-1765-4996-8308-09C1AB17FCBC}.Release|Any CPU.Build.0 = Release|Any CPU
		{F2980164-1765-4996-8308-09C1AB17FCBC}.Release|x64.ActiveCfg = Release|Any CPU
		{F2980164-1765-4996-8308-09C1AB17FCBC}.Release|x64.Build.0 = Release|Any CPU
		{F2980164-1765-4996-8308-09C1AB17FCBC}.Release|x86.ActiveCfg = Release|Any CPU
		{F2980164-1765-4996-8308-09C1AB17FCBC}.Release|x86.Build.0 = Release|Any CPU
		{48F88789-5333-4EC5-BDDB-1C2ABAF8BE4F}.Debug|Any CPU.ActiveCfg = Debug|Any CPU
		{48F88789-5333-4EC5-BDDB-1C2ABAF8BE4F}.Debug|Any CPU.Build.0 = Debug|Any CPU
		{48F88789-5333-4EC5-BDDB-1C2ABAF8BE4F}.Debug|x64.ActiveCfg = Debug|Any CPU
		{48F88789-5333-4EC5-BDDB-1C2ABAF8BE4F}.Debug|x64.Build.0 = Debug|Any CPU
		{48F88789-5333-4EC5-BDDB-1C2ABAF8BE4F}.Debug|x86.ActiveCfg = Debug|Any CPU
		{48F88789-5333-4EC5-BDDB-1C2ABAF8BE4F}.Debug|x86.Build.0 = Debug|Any CPU
		{48F88789-5333-4EC5-BDDB-1C2ABAF8BE4F}.Release|Any CPU.ActiveCfg = Release|Any CPU
		{48F88789-5333-4EC5-BDDB-1C2ABAF8BE4F}.Release|Any CPU.Build.0 = Release|Any CPU
		{48F88789-5333-4EC5-BDDB-1C2ABAF8BE4F}.Release|x64.ActiveCfg = Release|Any CPU
		{48F88789-5333-4EC5-BDDB-1C2ABAF8BE4F}.Release|x64.Build.0 = Release|Any CPU
		{48F88789-5333-4EC5-BDDB-1C2ABAF8BE4F}.Release|x86.ActiveCfg = Release|Any CPU
		{48F88789-5333-4EC5-BDDB-1C2ABAF8BE4F}.Release|x86.Build.0 = Release|Any CPU
		{FA63AA93-9831-4750-ACB4-7E75CE442640}.Debug|Any CPU.ActiveCfg = Debug|Any CPU
		{FA63AA93-9831-4750-ACB4-7E75CE442640}.Debug|Any CPU.Build.0 = Debug|Any CPU
		{FA63AA93-9831-4750-ACB4-7E75CE442640}.Debug|x64.ActiveCfg = Debug|Any CPU
		{FA63AA93-9831-4750-ACB4-7E75CE442640}.Debug|x64.Build.0 = Debug|Any CPU
		{FA63AA93-9831-4750-ACB4-7E75CE442640}.Debug|x86.ActiveCfg = Debug|Any CPU
		{FA63AA93-9831-4750-ACB4-7E75CE442640}.Debug|x86.Build.0 = Debug|Any CPU
		{FA63AA93-9831-4750-ACB4-7E75CE442640}.Release|Any CPU.ActiveCfg = Release|Any CPU
		{FA63AA93-9831-4750-ACB4-7E75CE442640}.Release|Any CPU.Build.0 = Release|Any CPU
		{FA63AA93-9831-4750-ACB4-7E75CE442640}.Release|x64.ActiveCfg = Release|Any CPU
		{FA63AA93-9831-4750-ACB4-7E75CE442640}.Release|x64.Build.0 = Release|Any CPU
		{FA63AA93-9831-4750-ACB4-7E75CE442640}.Release|x86.ActiveCfg = Release|Any CPU
		{FA63AA93-9831-4750-ACB4-7E75CE442640}.Release|x86.Build.0 = Release|Any CPU
	EndGlobalSection
EndGlobal
