
Microsoft Visual Studio Solution File, Format Version 12.00
# Visual Studio 15
VisualStudioVersion = 15.0.26124.0
MinimumVisualStudioVersion = 15.0.26124.0
Project("{9A19103F-16F7-4668-BE54-9A1E7A4F7556}") = "ApplicationModels", "ApplicationModels\ApplicationModels.csproj", "{C11098C0-5244-42C4-A8C0-6F57AA97585C}"
EndProject
Project("{9A19103F-16F7-4668-BE54-9A1E7A4F7556}") = "WebApp", "WebApp\WebApp.csproj", "{2E2F372C-CCE9-4DEE-A8F6-9AD8EA3C8BCF}"
EndProject
Project("{9A19103F-16F7-4668-BE54-9A1E7A4F7556}") = "Jobs.Fetcher.Facebook", "Jobs.Fetcher.Facebook\Jobs.Fetcher.Facebook.csproj", "{8B548585-10C9-45AA-A45B-92057E40A19F}"
EndProject
Project("{9A19103F-16F7-4668-BE54-9A1E7A4F7556}") = "ConsoleApp", "ConsoleApp\ConsoleApp.csproj", "{0FF73596-BC0F-412B-9CD8-EBA0EDD6F32B}"
EndProject
Project("{9A19103F-16F7-4668-BE54-9A1E7A4F7556}") = "Jobs.Fetcher.YouTube", "Jobs.Fetcher.YouTube\Jobs.Fetcher.YouTube.csproj", "{79A2C50D-3941-4A63-9EB9-F73984D29BD8}"
EndProject
Project("{9A19103F-16F7-4668-BE54-9A1E7A4F7556}") = "Test", "Test\Test.csproj", "{11EDE2D8-AF2E-400D-BA53-12E80682BF72}"
EndProject
Project("{9A19103F-16F7-4668-BE54-9A1E7A4F7556}") = "DataLakeModels", "DataLakeModels\DataLakeModels.csproj", "{0B2EAB3F-AC25-4405-B1F9-9A9E55DD0646}"
EndProject
Project("{9A19103F-16F7-4668-BE54-9A1E7A4F7556}") = "Jobs.Fetcher.AdWords", "Jobs.Fetcher.AdWords\Jobs.Fetcher.AdWords.csproj", "{B0FA7249-7DB0-42C6-BA06-0F79A1E18F65}"
EndProject
Project("{9A19103F-16F7-4668-BE54-9A1E7A4F7556}") = "Common", "Common\Common.csproj", "{9ACD1B17-E911-42A9-92ED-A3411762A8F5}"
EndProject
Project("{9A19103F-16F7-4668-BE54-9A1E7A4F7556}") = "Jobs.Transformation", "Jobs.Transformation\Jobs.Transformation.csproj", "{79832476-6238-4AB2-97D8-32E6FADA1F7D}"
EndProject
Global
	GlobalSection(SolutionConfigurationPlatforms) = preSolution
		Debug|Any CPU = Debug|Any CPU
		Debug|x64 = Debug|x64
		Debug|x86 = Debug|x86
		Release|Any CPU = Release|Any CPU
		Release|x64 = Release|x64
		Release|x86 = Release|x86
	EndGlobalSection
	GlobalSection(ProjectConfigurationPlatforms) = postSolution
		{C11098C0-5244-42C4-A8C0-6F57AA97585C}.Debug|Any CPU.ActiveCfg = Debug|Any CPU
		{C11098C0-5244-42C4-A8C0-6F57AA97585C}.Debug|Any CPU.Build.0 = Debug|Any CPU
		{C11098C0-5244-42C4-A8C0-6F57AA97585C}.Debug|x64.ActiveCfg = Debug|Any CPU
		{C11098C0-5244-42C4-A8C0-6F57AA97585C}.Debug|x64.Build.0 = Debug|Any CPU
		{C11098C0-5244-42C4-A8C0-6F57AA97585C}.Debug|x86.ActiveCfg = Debug|Any CPU
		{C11098C0-5244-42C4-A8C0-6F57AA97585C}.Debug|x86.Build.0 = Debug|Any CPU
		{C11098C0-5244-42C4-A8C0-6F57AA97585C}.Release|Any CPU.ActiveCfg = Release|Any CPU
		{C11098C0-5244-42C4-A8C0-6F57AA97585C}.Release|Any CPU.Build.0 = Release|Any CPU
		{C11098C0-5244-42C4-A8C0-6F57AA97585C}.Release|x64.ActiveCfg = Release|Any CPU
		{C11098C0-5244-42C4-A8C0-6F57AA97585C}.Release|x64.Build.0 = Release|Any CPU
		{C11098C0-5244-42C4-A8C0-6F57AA97585C}.Release|x86.ActiveCfg = Release|Any CPU
		{C11098C0-5244-42C4-A8C0-6F57AA97585C}.Release|x86.Build.0 = Release|Any CPU
		{2E2F372C-CCE9-4DEE-A8F6-9AD8EA3C8BCF}.Debug|Any CPU.ActiveCfg = Debug|Any CPU
		{2E2F372C-CCE9-4DEE-A8F6-9AD8EA3C8BCF}.Debug|Any CPU.Build.0 = Debug|Any CPU
		{2E2F372C-CCE9-4DEE-A8F6-9AD8EA3C8BCF}.Debug|x64.ActiveCfg = Debug|Any CPU
		{2E2F372C-CCE9-4DEE-A8F6-9AD8EA3C8BCF}.Debug|x64.Build.0 = Debug|Any CPU
		{2E2F372C-CCE9-4DEE-A8F6-9AD8EA3C8BCF}.Debug|x86.ActiveCfg = Debug|Any CPU
		{2E2F372C-CCE9-4DEE-A8F6-9AD8EA3C8BCF}.Debug|x86.Build.0 = Debug|Any CPU
		{2E2F372C-CCE9-4DEE-A8F6-9AD8EA3C8BCF}.Release|Any CPU.ActiveCfg = Release|Any CPU
		{2E2F372C-CCE9-4DEE-A8F6-9AD8EA3C8BCF}.Release|Any CPU.Build.0 = Release|Any CPU
		{2E2F372C-CCE9-4DEE-A8F6-9AD8EA3C8BCF}.Release|x64.ActiveCfg = Release|Any CPU
		{2E2F372C-CCE9-4DEE-A8F6-9AD8EA3C8BCF}.Release|x64.Build.0 = Release|Any CPU
		{2E2F372C-CCE9-4DEE-A8F6-9AD8EA3C8BCF}.Release|x86.ActiveCfg = Release|Any CPU
		{2E2F372C-CCE9-4DEE-A8F6-9AD8EA3C8BCF}.Release|x86.Build.0 = Release|Any CPU
		{8B548585-10C9-45AA-A45B-92057E40A19F}.Debug|Any CPU.ActiveCfg = Debug|Any CPU
		{8B548585-10C9-45AA-A45B-92057E40A19F}.Debug|Any CPU.Build.0 = Debug|Any CPU
		{8B548585-10C9-45AA-A45B-92057E40A19F}.Debug|x64.ActiveCfg = Debug|Any CPU
		{8B548585-10C9-45AA-A45B-92057E40A19F}.Debug|x64.Build.0 = Debug|Any CPU
		{8B548585-10C9-45AA-A45B-92057E40A19F}.Debug|x86.ActiveCfg = Debug|Any CPU
		{8B548585-10C9-45AA-A45B-92057E40A19F}.Debug|x86.Build.0 = Debug|Any CPU
		{8B548585-10C9-45AA-A45B-92057E40A19F}.Release|Any CPU.ActiveCfg = Release|Any CPU
		{8B548585-10C9-45AA-A45B-92057E40A19F}.Release|Any CPU.Build.0 = Release|Any CPU
		{8B548585-10C9-45AA-A45B-92057E40A19F}.Release|x64.ActiveCfg = Release|Any CPU
		{8B548585-10C9-45AA-A45B-92057E40A19F}.Release|x64.Build.0 = Release|Any CPU
		{8B548585-10C9-45AA-A45B-92057E40A19F}.Release|x86.ActiveCfg = Release|Any CPU
		{8B548585-10C9-45AA-A45B-92057E40A19F}.Release|x86.Build.0 = Release|Any CPU
		{0FF73596-BC0F-412B-9CD8-EBA0EDD6F32B}.Debug|Any CPU.ActiveCfg = Debug|Any CPU
		{0FF73596-BC0F-412B-9CD8-EBA0EDD6F32B}.Debug|Any CPU.Build.0 = Debug|Any CPU
		{0FF73596-BC0F-412B-9CD8-EBA0EDD6F32B}.Debug|x64.ActiveCfg = Debug|Any CPU
		{0FF73596-BC0F-412B-9CD8-EBA0EDD6F32B}.Debug|x64.Build.0 = Debug|Any CPU
		{0FF73596-BC0F-412B-9CD8-EBA0EDD6F32B}.Debug|x86.ActiveCfg = Debug|Any CPU
		{0FF73596-BC0F-412B-9CD8-EBA0EDD6F32B}.Debug|x86.Build.0 = Debug|Any CPU
		{0FF73596-BC0F-412B-9CD8-EBA0EDD6F32B}.Release|Any CPU.ActiveCfg = Release|Any CPU
		{0FF73596-BC0F-412B-9CD8-EBA0EDD6F32B}.Release|Any CPU.Build.0 = Release|Any CPU
		{0FF73596-BC0F-412B-9CD8-EBA0EDD6F32B}.Release|x64.ActiveCfg = Release|Any CPU
		{0FF73596-BC0F-412B-9CD8-EBA0EDD6F32B}.Release|x64.Build.0 = Release|Any CPU
		{0FF73596-BC0F-412B-9CD8-EBA0EDD6F32B}.Release|x86.ActiveCfg = Release|Any CPU
		{0FF73596-BC0F-412B-9CD8-EBA0EDD6F32B}.Release|x86.Build.0 = Release|Any CPU
		{79A2C50D-3941-4A63-9EB9-F73984D29BD8}.Debug|Any CPU.ActiveCfg = Debug|Any CPU
		{79A2C50D-3941-4A63-9EB9-F73984D29BD8}.Debug|Any CPU.Build.0 = Debug|Any CPU
		{79A2C50D-3941-4A63-9EB9-F73984D29BD8}.Debug|x64.ActiveCfg = Debug|Any CPU
		{79A2C50D-3941-4A63-9EB9-F73984D29BD8}.Debug|x64.Build.0 = Debug|Any CPU
		{79A2C50D-3941-4A63-9EB9-F73984D29BD8}.Debug|x86.ActiveCfg = Debug|Any CPU
		{79A2C50D-3941-4A63-9EB9-F73984D29BD8}.Debug|x86.Build.0 = Debug|Any CPU
		{79A2C50D-3941-4A63-9EB9-F73984D29BD8}.Release|Any CPU.ActiveCfg = Release|Any CPU
		{79A2C50D-3941-4A63-9EB9-F73984D29BD8}.Release|Any CPU.Build.0 = Release|Any CPU
		{79A2C50D-3941-4A63-9EB9-F73984D29BD8}.Release|x64.ActiveCfg = Release|Any CPU
		{79A2C50D-3941-4A63-9EB9-F73984D29BD8}.Release|x64.Build.0 = Release|Any CPU
		{79A2C50D-3941-4A63-9EB9-F73984D29BD8}.Release|x86.ActiveCfg = Release|Any CPU
		{79A2C50D-3941-4A63-9EB9-F73984D29BD8}.Release|x86.Build.0 = Release|Any CPU
		{11EDE2D8-AF2E-400D-BA53-12E80682BF72}.Debug|Any CPU.ActiveCfg = Debug|Any CPU
		{11EDE2D8-AF2E-400D-BA53-12E80682BF72}.Debug|Any CPU.Build.0 = Debug|Any CPU
		{11EDE2D8-AF2E-400D-BA53-12E80682BF72}.Debug|x64.ActiveCfg = Debug|Any CPU
		{11EDE2D8-AF2E-400D-BA53-12E80682BF72}.Debug|x64.Build.0 = Debug|Any CPU
		{11EDE2D8-AF2E-400D-BA53-12E80682BF72}.Debug|x86.ActiveCfg = Debug|Any CPU
		{11EDE2D8-AF2E-400D-BA53-12E80682BF72}.Debug|x86.Build.0 = Debug|Any CPU
		{11EDE2D8-AF2E-400D-BA53-12E80682BF72}.Release|Any CPU.ActiveCfg = Release|Any CPU
		{11EDE2D8-AF2E-400D-BA53-12E80682BF72}.Release|Any CPU.Build.0 = Release|Any CPU
		{11EDE2D8-AF2E-400D-BA53-12E80682BF72}.Release|x64.ActiveCfg = Release|Any CPU
		{11EDE2D8-AF2E-400D-BA53-12E80682BF72}.Release|x64.Build.0 = Release|Any CPU
		{11EDE2D8-AF2E-400D-BA53-12E80682BF72}.Release|x86.ActiveCfg = Release|Any CPU
		{11EDE2D8-AF2E-400D-BA53-12E80682BF72}.Release|x86.Build.0 = Release|Any CPU
		{0B2EAB3F-AC25-4405-B1F9-9A9E55DD0646}.Debug|Any CPU.ActiveCfg = Debug|Any CPU
		{0B2EAB3F-AC25-4405-B1F9-9A9E55DD0646}.Debug|Any CPU.Build.0 = Debug|Any CPU
		{0B2EAB3F-AC25-4405-B1F9-9A9E55DD0646}.Debug|x64.ActiveCfg = Debug|Any CPU
		{0B2EAB3F-AC25-4405-B1F9-9A9E55DD0646}.Debug|x64.Build.0 = Debug|Any CPU
		{0B2EAB3F-AC25-4405-B1F9-9A9E55DD0646}.Debug|x86.ActiveCfg = Debug|Any CPU
		{0B2EAB3F-AC25-4405-B1F9-9A9E55DD0646}.Debug|x86.Build.0 = Debug|Any CPU
		{0B2EAB3F-AC25-4405-B1F9-9A9E55DD0646}.Release|Any CPU.ActiveCfg = Release|Any CPU
		{0B2EAB3F-AC25-4405-B1F9-9A9E55DD0646}.Release|Any CPU.Build.0 = Release|Any CPU
		{0B2EAB3F-AC25-4405-B1F9-9A9E55DD0646}.Release|x64.ActiveCfg = Release|Any CPU
		{0B2EAB3F-AC25-4405-B1F9-9A9E55DD0646}.Release|x64.Build.0 = Release|Any CPU
		{0B2EAB3F-AC25-4405-B1F9-9A9E55DD0646}.Release|x86.ActiveCfg = Release|Any CPU
		{0B2EAB3F-AC25-4405-B1F9-9A9E55DD0646}.Release|x86.Build.0 = Release|Any CPU
		{B0FA7249-7DB0-42C6-BA06-0F79A1E18F65}.Debug|Any CPU.ActiveCfg = Debug|Any CPU
		{B0FA7249-7DB0-42C6-BA06-0F79A1E18F65}.Debug|Any CPU.Build.0 = Debug|Any CPU
		{B0FA7249-7DB0-42C6-BA06-0F79A1E18F65}.Debug|x64.ActiveCfg = Debug|Any CPU
		{B0FA7249-7DB0-42C6-BA06-0F79A1E18F65}.Debug|x64.Build.0 = Debug|Any CPU
		{B0FA7249-7DB0-42C6-BA06-0F79A1E18F65}.Debug|x86.ActiveCfg = Debug|Any CPU
		{B0FA7249-7DB0-42C6-BA06-0F79A1E18F65}.Debug|x86.Build.0 = Debug|Any CPU
		{B0FA7249-7DB0-42C6-BA06-0F79A1E18F65}.Release|Any CPU.ActiveCfg = Release|Any CPU
		{B0FA7249-7DB0-42C6-BA06-0F79A1E18F65}.Release|Any CPU.Build.0 = Release|Any CPU
		{B0FA7249-7DB0-42C6-BA06-0F79A1E18F65}.Release|x64.ActiveCfg = Release|Any CPU
		{B0FA7249-7DB0-42C6-BA06-0F79A1E18F65}.Release|x64.Build.0 = Release|Any CPU
		{B0FA7249-7DB0-42C6-BA06-0F79A1E18F65}.Release|x86.ActiveCfg = Release|Any CPU
		{B0FA7249-7DB0-42C6-BA06-0F79A1E18F65}.Release|x86.Build.0 = Release|Any CPU
		{9ACD1B17-E911-42A9-92ED-A3411762A8F5}.Debug|Any CPU.ActiveCfg = Debug|Any CPU
		{9ACD1B17-E911-42A9-92ED-A3411762A8F5}.Debug|Any CPU.Build.0 = Debug|Any CPU
		{9ACD1B17-E911-42A9-92ED-A3411762A8F5}.Debug|x64.ActiveCfg = Debug|Any CPU
		{9ACD1B17-E911-42A9-92ED-A3411762A8F5}.Debug|x64.Build.0 = Debug|Any CPU
		{9ACD1B17-E911-42A9-92ED-A3411762A8F5}.Debug|x86.ActiveCfg = Debug|Any CPU
		{9ACD1B17-E911-42A9-92ED-A3411762A8F5}.Debug|x86.Build.0 = Debug|Any CPU
		{9ACD1B17-E911-42A9-92ED-A3411762A8F5}.Release|Any CPU.ActiveCfg = Release|Any CPU
		{9ACD1B17-E911-42A9-92ED-A3411762A8F5}.Release|Any CPU.Build.0 = Release|Any CPU
		{9ACD1B17-E911-42A9-92ED-A3411762A8F5}.Release|x64.ActiveCfg = Release|Any CPU
		{9ACD1B17-E911-42A9-92ED-A3411762A8F5}.Release|x64.Build.0 = Release|Any CPU
		{9ACD1B17-E911-42A9-92ED-A3411762A8F5}.Release|x86.ActiveCfg = Release|Any CPU
		{9ACD1B17-E911-42A9-92ED-A3411762A8F5}.Release|x86.Build.0 = Release|Any CPU
		{79832476-6238-4AB2-97D8-32E6FADA1F7D}.Debug|Any CPU.ActiveCfg = Debug|Any CPU
		{79832476-6238-4AB2-97D8-32E6FADA1F7D}.Debug|Any CPU.Build.0 = Debug|Any CPU
		{79832476-6238-4AB2-97D8-32E6FADA1F7D}.Debug|x64.ActiveCfg = Debug|Any CPU
		{79832476-6238-4AB2-97D8-32E6FADA1F7D}.Debug|x64.Build.0 = Debug|Any CPU
		{79832476-6238-4AB2-97D8-32E6FADA1F7D}.Debug|x86.ActiveCfg = Debug|Any CPU
		{79832476-6238-4AB2-97D8-32E6FADA1F7D}.Debug|x86.Build.0 = Debug|Any CPU
		{79832476-6238-4AB2-97D8-32E6FADA1F7D}.Release|Any CPU.ActiveCfg = Release|Any CPU
		{79832476-6238-4AB2-97D8-32E6FADA1F7D}.Release|Any CPU.Build.0 = Release|Any CPU
		{79832476-6238-4AB2-97D8-32E6FADA1F7D}.Release|x64.ActiveCfg = Release|Any CPU
		{79832476-6238-4AB2-97D8-32E6FADA1F7D}.Release|x64.Build.0 = Release|Any CPU
		{79832476-6238-4AB2-97D8-32E6FADA1F7D}.Release|x86.ActiveCfg = Release|Any CPU
		{79832476-6238-4AB2-97D8-32E6FADA1F7D}.Release|x86.Build.0 = Release|Any CPU
	EndGlobalSection
	GlobalSection(SolutionProperties) = preSolution
		HideSolutionNode = FALSE
	EndGlobalSection
	GlobalSection(ExtensibilityGlobals) = postSolution
		SolutionGuid = {91EEEDC4-8567-42C6-819C-FA52720875A6}
	EndGlobalSection
EndGlobal
